<?xml version="1.0" encoding="utf-8"?>
<Project ToolsVersion="4.0" xmlns="http://schemas.microsoft.com/developer/msbuild/2003">
  <ItemGroup>
    <Filter Include="Source">
      <UniqueIdentifier>{4FC737F1-C7A5-4376-A066-2A32D752A2FF}</UniqueIdentifier>
      <Extensions>cpp;c;cc;cxx;def;odl;idl;hpj;bat;asm;asmx</Extensions>
    </Filter>
    <Filter Include="Include">
      <UniqueIdentifier>{93995380-89BD-4b04-88EB-625FBE52EBFB}</UniqueIdentifier>
      <Extensions>h;hh;hpp;hxx;hm;inl;inc;ipp;xsd</Extensions>
    </Filter>
    <Filter Include="Include\Core">
      <UniqueIdentifier>{e3d7faec-12c9-4e8a-b44b-e30d0ae91915}</UniqueIdentifier>
    </Filter>
    <Filter Include="Source\Core">
      <UniqueIdentifier>{b80a889d-6417-4b93-ac6d-61a6f4a54f6c}</UniqueIdentifier>
    </Filter>
    <Filter Include="Include\Math">
      <UniqueIdentifier>{5d67a5e3-27be-4593-a898-514796f406b6}</UniqueIdentifier>
    </Filter>
    <Filter Include="Include\Engine">
      <UniqueIdentifier>{e6b6720c-9c35-4824-9678-cfecd17b352c}</UniqueIdentifier>
    </Filter>
    <Filter Include="Source\Engine">
      <UniqueIdentifier>{a800bc83-e0c3-46e7-9e55-b8ccc8f9f03c}</UniqueIdentifier>
    </Filter>
    <Filter Include="Include\Graphics">
      <UniqueIdentifier>{2a4a1441-ab0f-4dc4-903a-8d5eebc1305d}</UniqueIdentifier>
    </Filter>
    <Filter Include="Source\Graphics">
      <UniqueIdentifier>{28d4e82f-ad5a-4afe-9324-c1950c44528f}</UniqueIdentifier>
    </Filter>
    <Filter Include="Include\Scene">
      <UniqueIdentifier>{d2a225d3-ea4b-4f2d-ab14-a75f085214dd}</UniqueIdentifier>
    </Filter>
    <Filter Include="Source\Scene">
      <UniqueIdentifier>{821fcf99-b959-4b09-a1f5-86034c6c49ef}</UniqueIdentifier>
    </Filter>
    <Filter Include="Include\Game">
      <UniqueIdentifier>{c895fab9-b359-4907-aa91-ea24ae67dc9c}</UniqueIdentifier>
    </Filter>
    <Filter Include="Source\Game">
      <UniqueIdentifier>{4633c83a-cb14-4635-a1f9-c3d1c70a4938}</UniqueIdentifier>
    </Filter>
    <Filter Include="Include\Resource">
      <UniqueIdentifier>{fa3afb66-d7dd-4ff2-8249-399023c9815d}</UniqueIdentifier>
    </Filter>
    <Filter Include="Source\Resource">
      <UniqueIdentifier>{8a358211-9178-4a19-9fce-fcad25bd9d17}</UniqueIdentifier>
    </Filter>
    <Filter Include="Source\Math">
      <UniqueIdentifier>{81440bb0-04ed-4729-8cde-fc5d15f5111b}</UniqueIdentifier>
    </Filter>
  </ItemGroup>
  <ItemGroup>
    <ClCompile Include="Source\Main.cpp">
      <Filter>Source</Filter>
    </ClCompile>
    <ClCompile Include="Source\Core\Sleep.cpp">
      <Filter>Source\Core</Filter>
    </ClCompile>
    <ClCompile Include="Source\Core\Clock.cpp">
      <Filter>Source\Core</Filter>
    </ClCompile>
    <ClCompile Include="Source\Core\Allocate.cpp">
      <Filter>Source\Core</Filter>
    </ClCompile>
    <ClCompile Include="Source\Engine\Application.cpp">
      <Filter>Source\Engine</Filter>
    </ClCompile>
    <ClCompile Include="Source\Engine\Engine.cpp">
      <Filter>Source\Engine</Filter>
    </ClCompile>
    <ClCompile Include="Source\Engine\Window.cpp">
      <Filter>Source\Engine</Filter>
    </ClCompile>
    <ClCompile Include="Source\Core\LogFile.cpp">
      <Filter>Source\Core</Filter>
    </ClCompile>
    <ClCompile Include="Source\Scene\Scene.cpp">
      <Filter>Source\Scene</Filter>
    </ClCompile>
    <ClCompile Include="Source\Game\WorldScene.cpp">
      <Filter>Source\Game</Filter>
    </ClCompile>
    <ClCompile Include="Source\Core\TypeInfo.cpp">
      <Filter>Source\Core</Filter>
    </ClCompile>
    <ClCompile Include="Source\Graphics\GLObject.cpp">
      <Filter>Source\Graphics</Filter>
    </ClCompile>
    <ClCompile Include="Source\Graphics\Graphics.cpp">
      <Filter>Source\Graphics</Filter>
    </ClCompile>
    <ClCompile Include="Source\Graphics\VertexArray.cpp">
      <Filter>Source\Graphics</Filter>
    </ClCompile>
    <ClCompile Include="Source\Graphics\VertexBuffer.cpp">
      <Filter>Source\Graphics</Filter>
    </ClCompile>
    <ClCompile Include="Source\Graphics\Shader.cpp">
      <Filter>Source\Graphics</Filter>
    </ClCompile>
    <ClCompile Include="Source\Resource\XmlDocument.cpp">
      <Filter>Source\Resource</Filter>
    </ClCompile>
    <ClCompile Include="Source\Resource\XmlNode.cpp">
      <Filter>Source\Resource</Filter>
    </ClCompile>
    <ClCompile Include="Source\Resource\XmlAttribute.cpp">
      <Filter>Source\Resource</Filter>
    </ClCompile>
    <ClCompile Include="..\extlibs\glad.c">
      <Filter>Source\Graphics</Filter>
    </ClCompile>
    <ClCompile Include="Source\Math\Quaternion.cpp">
      <Filter>Source\Math</Filter>
    </ClCompile>
    <ClCompile Include="Source\Math\Math.cpp">
      <Filter>Source\Math</Filter>
    </ClCompile>
    <ClCompile Include="Source\Math\Transform.cpp">
      <Filter>Source\Math</Filter>
    </ClCompile>
    <ClCompile Include="Source\Graphics\Renderer.cpp">
      <Filter>Source\Graphics</Filter>
    </ClCompile>
    <ClCompile Include="Source\Graphics\Camera.cpp">
      <Filter>Source\Graphics</Filter>
    </ClCompile>
    <ClCompile Include="Source\Math\BoundingBox.cpp">
      <Filter>Source\Math</Filter>
    </ClCompile>
    <ClCompile Include="Source\Graphics\Model.cpp">
      <Filter>Source\Graphics</Filter>
    </ClCompile>
    <ClCompile Include="Source\Graphics\Mesh.cpp">
      <Filter>Source\Graphics</Filter>
    </ClCompile>
    <ClCompile Include="Source\Graphics\Renderable.cpp">
      <Filter>Source\Graphics</Filter>
    </ClCompile>
    <ClCompile Include="Source\Graphics\Material.cpp">
      <Filter>Source\Graphics</Filter>
    </ClCompile>
  </ItemGroup>
  <ItemGroup>
    <ClInclude Include="Source\Core\DataTypes.h">
      <Filter>Include\Core</Filter>
    </ClInclude>
    <ClInclude Include="Source\Core\Sleep.h">
      <Filter>Include\Core</Filter>
    </ClInclude>
    <ClInclude Include="Source\Core\Clock.h">
      <Filter>Include\Core</Filter>
    </ClInclude>
    <ClInclude Include="Source\Core\Array.h">
      <Filter>Include\Core</Filter>
    </ClInclude>
    <ClInclude Include="Source\Math\Vector2.h">
      <Filter>Include\Math</Filter>
    </ClInclude>
    <ClInclude Include="Source\Core\Allocate.h">
      <Filter>Include\Core</Filter>
    </ClInclude>
    <ClInclude Include="Source\Core\Macros.h">
      <Filter>Include\Core</Filter>
    </ClInclude>
    <ClInclude Include="Source\Math\Vector3.h">
      <Filter>Include\Math</Filter>
    </ClInclude>
    <ClInclude Include="Source\Math\Vector4.h">
      <Filter>Include\Math</Filter>
    </ClInclude>
    <ClInclude Include="Source\Math\Matrix2.h">
      <Filter>Include\Math</Filter>
    </ClInclude>
    <ClInclude Include="Source\Math\Matrix3.h">
      <Filter>Include\Math</Filter>
    </ClInclude>
    <ClInclude Include="Source\Math\Matrix4.h">
      <Filter>Include\Math</Filter>
    </ClInclude>
    <ClInclude Include="Source\Engine\Engine.h">
      <Filter>Include\Engine</Filter>
    </ClInclude>
    <ClInclude Include="Source\Engine\Application.h">
      <Filter>Include\Engine</Filter>
    </ClInclude>
    <ClInclude Include="Source\Engine\Window.h">
      <Filter>Include\Engine</Filter>
    </ClInclude>
    <ClInclude Include="Source\Core\LogFile.h">
      <Filter>Include\Core</Filter>
    </ClInclude>
    <ClInclude Include="Source\Graphics\OpenGL.h">
      <Filter>Include\Graphics</Filter>
    </ClInclude>
    <ClInclude Include="Source\Scene\Scene.h">
      <Filter>Include\Scene</Filter>
    </ClInclude>
    <ClInclude Include="Source\Game\WorldScene.h">
      <Filter>Include\Game</Filter>
    </ClInclude>
    <ClInclude Include="Source\Core\TypeInfo.h">
      <Filter>Include\Core</Filter>
    </ClInclude>
    <ClInclude Include="Source\Graphics\GLObject.h">
      <Filter>Include\Graphics</Filter>
    </ClInclude>
    <ClInclude Include="Source\Core\ObjectPool.h">
      <Filter>Include\Core</Filter>
    </ClInclude>
    <ClInclude Include="Source\Graphics\Graphics.h">
      <Filter>Include\Graphics</Filter>
    </ClInclude>
    <ClInclude Include="Source\Graphics\VertexArray.h">
      <Filter>Include\Graphics</Filter>
    </ClInclude>
    <ClInclude Include="Source\Graphics\VertexBuffer.h">
      <Filter>Include\Graphics</Filter>
    </ClInclude>
    <ClInclude Include="Source\Graphics\Shader.h">
      <Filter>Include\Graphics</Filter>
    </ClInclude>
    <ClInclude Include="Source\Resource\XmlDocument.h">
      <Filter>Include\Resource</Filter>
    </ClInclude>
    <ClInclude Include="Source\Resource\XmlNode.h">
      <Filter>Include\Resource</Filter>
    </ClInclude>
    <ClInclude Include="Source\Resource\XmlAttribute.h">
      <Filter>Include\Resource</Filter>
    </ClInclude>
    <ClInclude Include="Source\Resource\Resource.h">
      <Filter>Include\Resource</Filter>
    </ClInclude>
    <ClInclude Include="Source\Math\Quaternion.h">
      <Filter>Include\Math</Filter>
    </ClInclude>
    <ClInclude Include="Source\Math\Math.h">
      <Filter>Include\Math</Filter>
    </ClInclude>
    <ClInclude Include="Source\Math\Transform.h">
      <Filter>Include\Math</Filter>
    </ClInclude>
    <ClInclude Include="Source\Graphics\Renderer.h">
      <Filter>Include\Graphics</Filter>
    </ClInclude>
    <ClInclude Include="Source\Graphics\Camera.h">
      <Filter>Include\Graphics</Filter>
    </ClInclude>
    <ClInclude Include="Source\Graphics\Model.h">
      <Filter>Include\Graphics</Filter>
    </ClInclude>
    <ClInclude Include="Source\Math\BoundingBox.h">
      <Filter>Include\Math</Filter>
    </ClInclude>
    <ClInclude Include="Source\Graphics\Mesh.h">
      <Filter>Include\Graphics</Filter>
    </ClInclude>
    <ClInclude Include="Source\Graphics\Renderable.h">
      <Filter>Include\Graphics</Filter>
    </ClInclude>
    <ClInclude Include="Source\Graphics\Material.h">
      <Filter>Include\Graphics</Filter>
    </ClInclude>
  </ItemGroup>
</Project>